<?xml version="1.0" encoding="utf-8"?>
<Project ToolsVersion="4.0" xmlns="http://schemas.microsoft.com/developer/msbuild/2003">
  <ItemGroup>
    <Filter Include="Components">
      <UniqueIdentifier>{b8c339d1-a8fc-4912-8296-c2d8639bc3a9}</UniqueIdentifier>
    </Filter>
    <Filter Include="HelperClasses">
      <UniqueIdentifier>{ae428409-6185-4962-8aaf-79eec18ae682}</UniqueIdentifier>
    </Filter>
    <Filter Include="Engine Files">
      <UniqueIdentifier>{93995380-89BD-4b04-88EB-625FBE52EBFB}</UniqueIdentifier>
      <Extensions>h;hh;hpp;hxx;hm;inl;inc;xsd</Extensions>
    </Filter>
    <Filter Include="Other">
      <UniqueIdentifier>{0a08065b-5a08-4ecb-88ec-be284fb95c23}</UniqueIdentifier>
    </Filter>
    <Filter Include="Gameobjects">
      <UniqueIdentifier>{ebed23a3-bfc2-4caf-b46c-134d5c402af4}</UniqueIdentifier>
    </Filter>
    <Filter Include="Managers">
      <UniqueIdentifier>{506b9c73-5aa3-4f9b-a610-698c4ff494c0}</UniqueIdentifier>
    </Filter>
  </ItemGroup>
  <ItemGroup>
    <ClInclude Include="Singleton.h">
      <Filter>Engine Files</Filter>
    </ClInclude>
    <ClInclude Include="Renderer.h">
      <Filter>Engine Files</Filter>
    </ClInclude>
    <ClInclude Include="Scene.h">
      <Filter>Engine Files</Filter>
    </ClInclude>
    <ClInclude Include="BaseComponent.h">
      <Filter>Components</Filter>
    </ClInclude>
    <ClInclude Include="TransformComponent.h">
      <Filter>Components</Filter>
    </ClInclude>
    <ClInclude Include="Transform.h">
      <Filter>HelperClasses</Filter>
    </ClInclude>
    <ClInclude Include="GameObject.h">
      <Filter>Gameobjects</Filter>
    </ClInclude>
    <ClInclude Include="RenderComponent.h">
      <Filter>Components</Filter>
    </ClInclude>
    <ClInclude Include="TextObject.h">
      <Filter>Gameobjects</Filter>
    </ClInclude>
    <ClInclude Include="ELFgine.h">
      <Filter>Engine Files</Filter>
    </ClInclude>
    <ClInclude Include="MiniginPCH.h">
      <Filter>Engine Files</Filter>
    </ClInclude>
    <ClInclude Include="Texture2D.h">
      <Filter>HelperClasses</Filter>
    </ClInclude>
    <ClInclude Include="FPSCounter.h">
      <Filter>Other</Filter>
    </ClInclude>
    <ClInclude Include="Rectangle.h">
      <Filter>HelperClasses</Filter>
    </ClInclude>
    <ClInclude Include="ColliderComponent.h">
      <Filter>Components</Filter>
    </ClInclude>
    <ClInclude Include="RigidBodyComponent.h">
      <Filter>Components</Filter>
    </ClInclude>
    <ClInclude Include="ControlComponent.h">
      <Filter>Components</Filter>
    </ClInclude>
    <ClInclude Include="Command.h">
      <Filter>HelperClasses</Filter>
    </ClInclude>
    <ClInclude Include="Components.h">
      <Filter>Components</Filter>
    </ClInclude>
    <ClInclude Include="Player.h">
      <Filter>Gameobjects</Filter>
    </ClInclude>
    <ClInclude Include="SceneObject.h">
      <Filter>Gameobjects</Filter>
    </ClInclude>
    <ClInclude Include="Pickup.h">
      <Filter>Gameobjects</Filter>
    </ClInclude>
    <ClInclude Include="CommandInputHandler.h">
      <Filter>Engine Files</Filter>
    </ClInclude>
    <ClInclude Include="Observer.h">
      <Filter>Engine Files</Filter>
    </ClInclude>
    <ClInclude Include="SpriteObject.h">
      <Filter>Gameobjects</Filter>
    </ClInclude>
    <ClInclude Include="SceneManager.h">
      <Filter>Managers</Filter>
    </ClInclude>
    <ClInclude Include="ResourceManager.h">
      <Filter>Managers</Filter>
    </ClInclude>
    <ClInclude Include="InputManager.h">
      <Filter>Managers</Filter>
    </ClInclude>
    <ClInclude Include="ObserverManager.h">
      <Filter>Managers</Filter>
    </ClInclude>
    <ClInclude Include="TileObject.h">
      <Filter>Gameobjects</Filter>
    </ClInclude>
    <ClInclude Include="Grid.h">
      <Filter>Engine Files</Filter>
    </ClInclude>
  </ItemGroup>
  <ItemGroup>
    <ClCompile Include="BaseComponent.cpp">
      <Filter>Components</Filter>
    </ClCompile>
    <ClCompile Include="TransformComponent.cpp">
      <Filter>Components</Filter>
    </ClCompile>
    <ClCompile Include="Transform.cpp">
      <Filter>HelperClasses</Filter>
    </ClCompile>
    <ClCompile Include="Main.cpp">
      <Filter>Engine Files</Filter>
    </ClCompile>
    <ClCompile Include="Renderer.cpp">
      <Filter>Engine Files</Filter>
    </ClCompile>
    <ClCompile Include="Scene.cpp">
      <Filter>Engine Files</Filter>
    </ClCompile>
    <ClCompile Include="GameObject.cpp">
      <Filter>Gameobjects</Filter>
    </ClCompile>
    <ClCompile Include="RenderComponent.cpp">
      <Filter>Components</Filter>
    </ClCompile>
    <ClCompile Include="TextObject.cpp">
      <Filter>Gameobjects</Filter>
    </ClCompile>
    <ClCompile Include="ELFgine.cpp">
      <Filter>Engine Files</Filter>
    </ClCompile>
    <ClCompile Include="MiniginPCH.cpp">
      <Filter>Engine Files</Filter>
    </ClCompile>
    <ClCompile Include="Texture2D.cpp">
      <Filter>HelperClasses</Filter>
    </ClCompile>
    <ClCompile Include="FPSCounter.cpp">
      <Filter>Other</Filter>
    </ClCompile>
    <ClCompile Include="ColliderComponent.cpp">
      <Filter>Components</Filter>
    </ClCompile>
    <ClCompile Include="ControlComponent.cpp">
      <Filter>Components</Filter>
    </ClCompile>
    <ClCompile Include="RigidBodyComponent.cpp">
      <Filter>Components</Filter>
    </ClCompile>
    <ClCompile Include="Command.cpp">
      <Filter>HelperClasses</Filter>
    </ClCompile>
    <ClCompile Include="Player.cpp">
      <Filter>Gameobjects</Filter>
    </ClCompile>
    <ClCompile Include="Pickup.cpp">
      <Filter>Gameobjects</Filter>
    </ClCompile>
    <ClCompile Include="CommandInputHandler.cpp">
      <Filter>Engine Files</Filter>
    </ClCompile>
    <ClCompile Include="SpriteObject.cpp">
      <Filter>Gameobjects</Filter>
    </ClCompile>
    <ClCompile Include="SceneManager.cpp">
      <Filter>Managers</Filter>
    </ClCompile>
    <ClCompile Include="ResourceManager.cpp">
      <Filter>Managers</Filter>
    </ClCompile>
    <ClCompile Include="InputManager.cpp">
      <Filter>Managers</Filter>
    </ClCompile>
    <ClCompile Include="ObserverManager.cpp">
      <Filter>Managers</Filter>
    </ClCompile>
    <ClCompile Include="TileObject.cpp">
      <Filter>Gameobjects</Filter>
    </ClCompile>
    <ClCompile Include="Grid.cpp">
      <Filter>Engine Files</Filter>
    </ClCompile>
  </ItemGroup>
</Project>